
Microsoft Visual Studio Solution File, Format Version 12.00
# Visual Studio 15
VisualStudioVersion = 15.0.27703.2042
MinimumVisualStudioVersion = 10.0.40219.1
Project("{FAE04EC0-301F-11D3-BF4B-00C04F79EFBC}") = "DataForm_ReactiveUI.Android", "DataForm_ReactiveUI\DataForm_ReactiveUI.Android\DataForm_ReactiveUI.Android.csproj", "{91789EBA-8CFD-4222-B190-D12F7BB37CE8}"
EndProject
Project("{FAE04EC0-301F-11D3-BF4B-00C04F79EFBC}") = "DataForm_ReactiveUI.iOS", "DataForm_ReactiveUI\DataForm_ReactiveUI.iOS\DataForm_ReactiveUI.iOS.csproj", "{95E4417A-9DC7-45A4-9349-25596814F7A9}"
EndProject
Project("{FAE04EC0-301F-11D3-BF4B-00C04F79EFBC}") = "DataForm_ReactiveUI.UWP", "DataForm_ReactiveUI\DataForm_ReactiveUI.UWP\DataForm_ReactiveUI.UWP.csproj", "{6660B64E-FBDB-4B70-AC75-1A8EC49D17BD}"
EndProject
Project("{9A19103F-16F7-4668-BE54-9A1E7A4F7556}") = "DataForm_ReactiveUI", "DataForm_ReactiveUI\DataForm_ReactiveUI\DataForm_ReactiveUI.csproj", "{5BEB2CC7-9616-4A69-B48E-3745271576AB}"
EndProject
Global
	GlobalSection(SolutionConfigurationPlatforms) = preSolution
		Ad-Hoc|Any CPU = Ad-Hoc|Any CPU
		Ad-Hoc|ARM = Ad-Hoc|ARM
		Ad-Hoc|iPhone = Ad-Hoc|iPhone
		Ad-Hoc|iPhoneSimulator = Ad-Hoc|iPhoneSimulator
		Ad-Hoc|x64 = Ad-Hoc|x64
		Ad-Hoc|x86 = Ad-Hoc|x86
		AppStore|Any CPU = AppStore|Any CPU
		AppStore|ARM = AppStore|ARM
		AppStore|iPhone = AppStore|iPhone
		AppStore|iPhoneSimulator = AppStore|iPhoneSimulator
		AppStore|x64 = AppStore|x64
		AppStore|x86 = AppStore|x86
		Debug|Any CPU = Debug|Any CPU
		Debug|ARM = Debug|ARM
		Debug|iPhone = Debug|iPhone
		Debug|iPhoneSimulator = Debug|iPhoneSimulator
		Debug|x64 = Debug|x64
		Debug|x86 = Debug|x86
		Release|Any CPU = Release|Any CPU
		Release|ARM = Release|ARM
		Release|iPhone = Release|iPhone
		Release|iPhoneSimulator = Release|iPhoneSimulator
		Release|x64 = Release|x64
		Release|x86 = Release|x86
	EndGlobalSection
	GlobalSection(ProjectConfigurationPlatforms) = postSolution
		{91789EBA-8CFD-4222-B190-D12F7BB37CE8}.Ad-Hoc|Any CPU.ActiveCfg = Release|Any CPU
		{91789EBA-8CFD-4222-B190-D12F7BB37CE8}.Ad-Hoc|Any CPU.Build.0 = Release|Any CPU
		{91789EBA-8CFD-4222-B190-D12F7BB37CE8}.Ad-Hoc|Any CPU.Deploy.0 = Release|Any CPU
		{91789EBA-8CFD-4222-B190-D12F7BB37CE8}.Ad-Hoc|ARM.ActiveCfg = Release|Any CPU
		{91789EBA-8CFD-4222-B190-D12F7BB37CE8}.Ad-Hoc|ARM.Build.0 = Release|Any CPU
		{91789EBA-8CFD-4222-B190-D12F7BB37CE8}.Ad-Hoc|ARM.Deploy.0 = Release|Any CPU
		{91789EBA-8CFD-4222-B190-D12F7BB37CE8}.Ad-Hoc|iPhone.ActiveCfg = Release|Any CPU
		{91789EBA-8CFD-4222-B190-D12F7BB37CE8}.Ad-Hoc|iPhone.Build.0 = Release|Any CPU
		{91789EBA-8CFD-4222-B190-D12F7BB37CE8}.Ad-Hoc|iPhone.Deploy.0 = Release|Any CPU
		{91789EBA-8CFD-4222-B190-D12F7BB37CE8}.Ad-Hoc|iPhoneSimulator.ActiveCfg = Release|Any CPU
		{91789EBA-8CFD-4222-B190-D12F7BB37CE8}.Ad-Hoc|iPhoneSimulator.Build.0 = Release|Any CPU
		{91789EBA-8CFD-4222-B190-D12F7BB37CE8}.Ad-Hoc|iPhoneSimulator.Deploy.0 = Release|Any CPU
		{91789EBA-8CFD-4222-B190-D12F7BB37CE8}.Ad-Hoc|x64.ActiveCfg = Release|Any CPU
		{91789EBA-8CFD-4222-B190-D12F7BB37CE8}.Ad-Hoc|x64.Build.0 = Release|Any CPU
		{91789EBA-8CFD-4222-B190-D12F7BB37CE8}.Ad-Hoc|x64.Deploy.0 = Release|Any CPU
		{91789EBA-8CFD-4222-B190-D12F7BB37CE8}.Ad-Hoc|x86.ActiveCfg = Release|Any CPU
		{91789EBA-8CFD-4222-B190-D12F7BB37CE8}.Ad-Hoc|x86.Build.0 = Release|Any CPU
		{91789EBA-8CFD-4222-B190-D12F7BB37CE8}.Ad-Hoc|x86.Deploy.0 = Release|Any CPU
		{91789EBA-8CFD-4222-B190-D12F7BB37CE8}.AppStore|Any CPU.ActiveCfg = Release|Any CPU
		{91789EBA-8CFD-4222-B190-D12F7BB37CE8}.AppStore|Any CPU.Build.0 = Release|Any CPU
		{91789EBA-8CFD-4222-B190-D12F7BB37CE8}.AppStore|Any CPU.Deploy.0 = Release|Any CPU
		{91789EBA-8CFD-4222-B190-D12F7BB37CE8}.AppStore|ARM.ActiveCfg = Release|Any CPU
		{91789EBA-8CFD-4222-B190-D12F7BB37CE8}.AppStore|ARM.Build.0 = Release|Any CPU
		{91789EBA-8CFD-4222-B190-D12F7BB37CE8}.AppStore|ARM.Deploy.0 = Release|Any CPU
		{91789EBA-8CFD-4222-B190-D12F7BB37CE8}.AppStore|iPhone.ActiveCfg = Release|Any CPU
		{91789EBA-8CFD-4222-B190-D12F7BB37CE8}.AppStore|iPhone.Build.0 = Release|Any CPU
		{91789EBA-8CFD-4222-B190-D12F7BB37CE8}.AppStore|iPhone.Deploy.0 = Release|Any CPU
		{91789EBA-8CFD-4222-B190-D12F7BB37CE8}.AppStore|iPhoneSimulator.ActiveCfg = Release|Any CPU
		{91789EBA-8CFD-4222-B190-D12F7BB37CE8}.AppStore|iPhoneSimulator.Build.0 = Release|Any CPU
		{91789EBA-8CFD-4222-B190-D12F7BB37CE8}.AppStore|iPhoneSimulator.Deploy.0 = Release|Any CPU
		{91789EBA-8CFD-4222-B190-D12F7BB37CE8}.AppStore|x64.ActiveCfg = Release|Any CPU
		{91789EBA-8CFD-4222-B190-D12F7BB37CE8}.AppStore|x64.Build.0 = Release|Any CPU
		{91789EBA-8CFD-4222-B190-D12F7BB37CE8}.AppStore|x64.Deploy.0 = Release|Any CPU
		{91789EBA-8CFD-4222-B190-D12F7BB37CE8}.AppStore|x86.ActiveCfg = Release|Any CPU
		{91789EBA-8CFD-4222-B190-D12F7BB37CE8}.AppStore|x86.Build.0 = Release|Any CPU
		{91789EBA-8CFD-4222-B190-D12F7BB37CE8}.AppStore|x86.Deploy.0 = Release|Any CPU
		{91789EBA-8CFD-4222-B190-D12F7BB37CE8}.Debug|Any CPU.ActiveCfg = Debug|Any CPU
		{91789EBA-8CFD-4222-B190-D12F7BB37CE8}.Debug|Any CPU.Build.0 = Debug|Any CPU
		{91789EBA-8CFD-4222-B190-D12F7BB37CE8}.Debug|Any CPU.Deploy.0 = Debug|Any CPU
		{91789EBA-8CFD-4222-B190-D12F7BB37CE8}.Debug|ARM.ActiveCfg = Debug|Any CPU
		{91789EBA-8CFD-4222-B190-D12F7BB37CE8}.Debug|ARM.Build.0 = Debug|Any CPU
		{91789EBA-8CFD-4222-B190-D12F7BB37CE8}.Debug|ARM.Deploy.0 = Debug|Any CPU
		{91789EBA-8CFD-4222-B190-D12F7BB37CE8}.Debug|iPhone.ActiveCfg = Debug|Any CPU
		{91789EBA-8CFD-4222-B190-D12F7BB37CE8}.Debug|iPhone.Build.0 = Debug|Any CPU
		{91789EBA-8CFD-4222-B190-D12F7BB37CE8}.Debug|iPhone.Deploy.0 = Debug|Any CPU
		{91789EBA-8CFD-4222-B190-D12F7BB37CE8}.Debug|iPhoneSimulator.ActiveCfg = Debug|Any CPU
		{91789EBA-8CFD-4222-B190-D12F7BB37CE8}.Debug|iPhoneSimulator.Build.0 = Debug|Any CPU
		{91789EBA-8CFD-4222-B190-D12F7BB37CE8}.Debug|iPhoneSimulator.Deploy.0 = Debug|Any CPU
		{91789EBA-8CFD-4222-B190-D12F7BB37CE8}.Debug|x64.ActiveCfg = Debug|Any CPU
		{91789EBA-8CFD-4222-B190-D12F7BB37CE8}.Debug|x64.Build.0 = Debug|Any CPU
		{91789EBA-8CFD-4222-B190-D12F7BB37CE8}.Debug|x64.Deploy.0 = Debug|Any CPU
		{91789EBA-8CFD-4222-B190-D12F7BB37CE8}.Debug|x86.ActiveCfg = Debug|Any CPU
		{91789EBA-8CFD-4222-B190-D12F7BB37CE8}.Debug|x86.Build.0 = Debug|Any CPU
		{91789EBA-8CFD-4222-B190-D12F7BB37CE8}.Debug|x86.Deploy.0 = Debug|Any CPU
		{91789EBA-8CFD-4222-B190-D12F7BB37CE8}.Release|Any CPU.ActiveCfg = Release|Any CPU
		{91789EBA-8CFD-4222-B190-D12F7BB37CE8}.Release|Any CPU.Build.0 = Release|Any CPU
		{91789EBA-8CFD-4222-B190-D12F7BB37CE8}.Release|Any CPU.Deploy.0 = Release|Any CPU
		{91789EBA-8CFD-4222-B190-D12F7BB37CE8}.Release|ARM.ActiveCfg = Release|Any CPU
		{91789EBA-8CFD-4222-B190-D12F7BB37CE8}.Release|ARM.Build.0 = Release|Any CPU
		{91789EBA-8CFD-4222-B190-D12F7BB37CE8}.Release|ARM.Deploy.0 = Release|Any CPU
		{91789EBA-8CFD-4222-B190-D12F7BB37CE8}.Release|iPhone.ActiveCfg = Release|Any CPU
		{91789EBA-8CFD-4222-B190-D12F7BB37CE8}.Release|iPhone.Build.0 = Release|Any CPU
		{91789EBA-8CFD-4222-B190-D12F7BB37CE8}.Release|iPhone.Deploy.0 = Release|Any CPU
		{91789EBA-8CFD-4222-B190-D12F7BB37CE8}.Release|iPhoneSimulator.ActiveCfg = Release|Any CPU
		{91789EBA-8CFD-4222-B190-D12F7BB37CE8}.Release|iPhoneSimulator.Build.0 = Release|Any CPU
		{91789EBA-8CFD-4222-B190-D12F7BB37CE8}.Release|iPhoneSimulator.Deploy.0 = Release|Any CPU
		{91789EBA-8CFD-4222-B190-D12F7BB37CE8}.Release|x64.ActiveCfg = Release|Any CPU
		{91789EBA-8CFD-4222-B190-D12F7BB37CE8}.Release|x64.Build.0 = Release|Any CPU
		{91789EBA-8CFD-4222-B190-D12F7BB37CE8}.Release|x64.Deploy.0 = Release|Any CPU
		{91789EBA-8CFD-4222-B190-D12F7BB37CE8}.Release|x86.ActiveCfg = Release|Any CPU
		{91789EBA-8CFD-4222-B190-D12F7BB37CE8}.Release|x86.Build.0 = Release|Any CPU
		{91789EBA-8CFD-4222-B190-D12F7BB37CE8}.Release|x86.Deploy.0 = Release|Any CPU
		{95E4417A-9DC7-45A4-9349-25596814F7A9}.Ad-Hoc|Any CPU.ActiveCfg = Ad-Hoc|iPhone
		{95E4417A-9DC7-45A4-9349-25596814F7A9}.Ad-Hoc|Any CPU.Build.0 = Ad-Hoc|iPhone
		{95E4417A-9DC7-45A4-9349-25596814F7A9}.Ad-Hoc|Any CPU.Deploy.0 = Ad-Hoc|iPhone
		{95E4417A-9DC7-45A4-9349-25596814F7A9}.Ad-Hoc|ARM.ActiveCfg = Ad-Hoc|iPhone
		{95E4417A-9DC7-45A4-9349-25596814F7A9}.Ad-Hoc|ARM.Build.0 = Ad-Hoc|iPhone
		{95E4417A-9DC7-45A4-9349-25596814F7A9}.Ad-Hoc|ARM.Deploy.0 = Ad-Hoc|iPhone
		{95E4417A-9DC7-45A4-9349-25596814F7A9}.Ad-Hoc|iPhone.ActiveCfg = Ad-Hoc|iPhone
		{95E4417A-9DC7-45A4-9349-25596814F7A9}.Ad-Hoc|iPhone.Build.0 = Ad-Hoc|iPhone
		{95E4417A-9DC7-45A4-9349-25596814F7A9}.Ad-Hoc|iPhone.Deploy.0 = Ad-Hoc|iPhone
		{95E4417A-9DC7-45A4-9349-25596814F7A9}.Ad-Hoc|iPhoneSimulator.ActiveCfg = Ad-Hoc|iPhoneSimulator
		{95E4417A-9DC7-45A4-9349-25596814F7A9}.Ad-Hoc|iPhoneSimulator.Build.0 = Ad-Hoc|iPhoneSimulator
		{95E4417A-9DC7-45A4-9349-25596814F7A9}.Ad-Hoc|iPhoneSimulator.Deploy.0 = Ad-Hoc|iPhoneSimulator
		{95E4417A-9DC7-45A4-9349-25596814F7A9}.Ad-Hoc|x64.ActiveCfg = Ad-Hoc|iPhone
		{95E4417A-9DC7-45A4-9349-25596814F7A9}.Ad-Hoc|x64.Build.0 = Ad-Hoc|iPhone
		{95E4417A-9DC7-45A4-9349-25596814F7A9}.Ad-Hoc|x64.Deploy.0 = Ad-Hoc|iPhone
		{95E4417A-9DC7-45A4-9349-25596814F7A9}.Ad-Hoc|x86.ActiveCfg = Ad-Hoc|iPhone
		{95E4417A-9DC7-45A4-9349-25596814F7A9}.Ad-Hoc|x86.Build.0 = Ad-Hoc|iPhone
		{95E4417A-9DC7-45A4-9349-25596814F7A9}.Ad-Hoc|x86.Deploy.0 = Ad-Hoc|iPhone
		{95E4417A-9DC7-45A4-9349-25596814F7A9}.AppStore|Any CPU.ActiveCfg = AppStore|iPhone
		{95E4417A-9DC7-45A4-9349-25596814F7A9}.AppStore|Any CPU.Build.0 = AppStore|iPhone
		{95E4417A-9DC7-45A4-9349-25596814F7A9}.AppStore|Any CPU.Deploy.0 = AppStore|iPhone
		{95E4417A-9DC7-45A4-9349-25596814F7A9}.AppStore|ARM.ActiveCfg = AppStore|iPhone
		{95E4417A-9DC7-45A4-9349-25596814F7A9}.AppStore|ARM.Build.0 = AppStore|iPhone
		{95E4417A-9DC7-45A4-9349-25596814F7A9}.AppStore|ARM.Deploy.0 = AppStore|iPhone
		{95E4417A-9DC7-45A4-9349-25596814F7A9}.AppStore|iPhone.ActiveCfg = AppStore|iPhone
		{95E4417A-9DC7-45A4-9349-25596814F7A9}.AppStore|iPhone.Build.0 = AppStore|iPhone
		{95E4417A-9DC7-45A4-9349-25596814F7A9}.AppStore|iPhone.Deploy.0 = AppStore|iPhone
		{95E4417A-9DC7-45A4-9349-25596814F7A9}.AppStore|iPhoneSimulator.ActiveCfg = AppStore|iPhoneSimulator
		{95E4417A-9DC7-45A4-9349-25596814F7A9}.AppStore|iPhoneSimulator.Build.0 = AppStore|iPhoneSimulator
		{95E4417A-9DC7-45A4-9349-25596814F7A9}.AppStore|iPhoneSimulator.Deploy.0 = AppStore|iPhoneSimulator
		{95E4417A-9DC7-45A4-9349-25596814F7A9}.AppStore|x64.ActiveCfg = AppStore|iPhone
		{95E4417A-9DC7-45A4-9349-25596814F7A9}.AppStore|x64.Build.0 = AppStore|iPhone
		{95E4417A-9DC7-45A4-9349-25596814F7A9}.AppStore|x64.Deploy.0 = AppStore|iPhone
		{95E4417A-9DC7-45A4-9349-25596814F7A9}.AppStore|x86.ActiveCfg = AppStore|iPhone
		{95E4417A-9DC7-45A4-9349-25596814F7A9}.AppStore|x86.Build.0 = AppStore|iPhone
		{95E4417A-9DC7-45A4-9349-25596814F7A9}.AppStore|x86.Deploy.0 = AppStore|iPhone
		{95E4417A-9DC7-45A4-9349-25596814F7A9}.Debug|Any CPU.ActiveCfg = Debug|iPhoneSimulator
		{95E4417A-9DC7-45A4-9349-25596814F7A9}.Debug|Any CPU.Build.0 = Debug|iPhoneSimulator
		{95E4417A-9DC7-45A4-9349-25596814F7A9}.Debug|Any CPU.Deploy.0 = Debug|iPhoneSimulator
		{95E4417A-9DC7-45A4-9349-25596814F7A9}.Debug|ARM.ActiveCfg = Debug|iPhone
		{95E4417A-9DC7-45A4-9349-25596814F7A9}.Debug|ARM.Build.0 = Debug|iPhone
		{95E4417A-9DC7-45A4-9349-25596814F7A9}.Debug|ARM.Deploy.0 = Debug|iPhone
		{95E4417A-9DC7-45A4-9349-25596814F7A9}.Debug|iPhone.ActiveCfg = Debug|iPhone
		{95E4417A-9DC7-45A4-9349-25596814F7A9}.Debug|iPhone.Build.0 = Debug|iPhone
		{95E4417A-9DC7-45A4-9349-25596814F7A9}.Debug|iPhone.Deploy.0 = Debug|iPhone
		{95E4417A-9DC7-45A4-9349-25596814F7A9}.Debug|iPhoneSimulator.ActiveCfg = Debug|iPhoneSimulator
		{95E4417A-9DC7-45A4-9349-25596814F7A9}.Debug|iPhoneSimulator.Build.0 = Debug|iPhoneSimulator
		{95E4417A-9DC7-45A4-9349-25596814F7A9}.Debug|iPhoneSimulator.Deploy.0 = Debug|iPhoneSimulator
		{95E4417A-9DC7-45A4-9349-25596814F7A9}.Debug|x64.ActiveCfg = Debug|iPhone
		{95E4417A-9DC7-45A4-9349-25596814F7A9}.Debug|x64.Build.0 = Debug|iPhone
		{95E4417A-9DC7-45A4-9349-25596814F7A9}.Debug|x64.Deploy.0 = Debug|iPhone
		{95E4417A-9DC7-45A4-9349-25596814F7A9}.Debug|x86.ActiveCfg = Debug|iPhone
		{95E4417A-9DC7-45A4-9349-25596814F7A9}.Debug|x86.Build.0 = Debug|iPhone
		{95E4417A-9DC7-45A4-9349-25596814F7A9}.Debug|x86.Deploy.0 = Debug|iPhone
		{95E4417A-9DC7-45A4-9349-25596814F7A9}.Release|Any CPU.ActiveCfg = Release|iPhone
		{95E4417A-9DC7-45A4-9349-25596814F7A9}.Release|Any CPU.Build.0 = Release|iPhone
		{95E4417A-9DC7-45A4-9349-25596814F7A9}.Release|Any CPU.Deploy.0 = Release|iPhone
		{95E4417A-9DC7-45A4-9349-25596814F7A9}.Release|ARM.ActiveCfg = Release|iPhone
		{95E4417A-9DC7-45A4-9349-25596814F7A9}.Release|ARM.Build.0 = Release|iPhone
		{95E4417A-9DC7-45A4-9349-25596814F7A9}.Release|ARM.Deploy.0 = Release|iPhone
		{95E4417A-9DC7-45A4-9349-25596814F7A9}.Release|iPhone.ActiveCfg = Release|iPhone
		{95E4417A-9DC7-45A4-9349-25596814F7A9}.Release|iPhone.Build.0 = Release|iPhone
		{95E4417A-9DC7-45A4-9349-25596814F7A9}.Release|iPhone.Deploy.0 = Release|iPhone
		{95E4417A-9DC7-45A4-9349-25596814F7A9}.Release|iPhoneSimulator.ActiveCfg = Release|iPhoneSimulator
		{95E4417A-9DC7-45A4-9349-25596814F7A9}.Release|iPhoneSimulator.Build.0 = Release|iPhoneSimulator
		{95E4417A-9DC7-45A4-9349-25596814F7A9}.Release|iPhoneSimulator.Deploy.0 = Release|iPhoneSimulator
		{95E4417A-9DC7-45A4-9349-25596814F7A9}.Release|x64.ActiveCfg = Release|iPhone
		{95E4417A-9DC7-45A4-9349-25596814F7A9}.Release|x64.Build.0 = Release|iPhone
		{95E4417A-9DC7-45A4-9349-25596814F7A9}.Release|x64.Deploy.0 = Release|iPhone
		{95E4417A-9DC7-45A4-9349-25596814F7A9}.Release|x86.ActiveCfg = Release|iPhone
		{95E4417A-9DC7-45A4-9349-25596814F7A9}.Release|x86.Build.0 = Release|iPhone
		{95E4417A-9DC7-45A4-9349-25596814F7A9}.Release|x86.Deploy.0 = Release|iPhone
		{6660B64E-FBDB-4B70-AC75-1A8EC49D17BD}.Ad-Hoc|Any CPU.ActiveCfg = Release|x86
		{6660B64E-FBDB-4B70-AC75-1A8EC49D17BD}.Ad-Hoc|Any CPU.Build.0 = Release|x86
		{6660B64E-FBDB-4B70-AC75-1A8EC49D17BD}.Ad-Hoc|Any CPU.Deploy.0 = Release|x86
		{6660B64E-FBDB-4B70-AC75-1A8EC49D17BD}.Ad-Hoc|ARM.ActiveCfg = Release|ARM
		{6660B64E-FBDB-4B70-AC75-1A8EC49D17BD}.Ad-Hoc|ARM.Build.0 = Release|ARM
		{6660B64E-FBDB-4B70-AC75-1A8EC49D17BD}.Ad-Hoc|ARM.Deploy.0 = Release|ARM
		{6660B64E-FBDB-4B70-AC75-1A8EC49D17BD}.Ad-Hoc|iPhone.ActiveCfg = Release|x86
		{6660B64E-FBDB-4B70-AC75-1A8EC49D17BD}.Ad-Hoc|iPhone.Build.0 = Release|x86
		{6660B64E-FBDB-4B70-AC75-1A8EC49D17BD}.Ad-Hoc|iPhone.Deploy.0 = Release|x86
		{6660B64E-FBDB-4B70-AC75-1A8EC49D17BD}.Ad-Hoc|iPhoneSimulator.ActiveCfg = Release|x86
		{6660B64E-FBDB-4B70-AC75-1A8EC49D17BD}.Ad-Hoc|iPhoneSimulator.Build.0 = Release|x86
		{6660B64E-FBDB-4B70-AC75-1A8EC49D17BD}.Ad-Hoc|iPhoneSimulator.Deploy.0 = Release|x86
		{6660B64E-FBDB-4B70-AC75-1A8EC49D17BD}.Ad-Hoc|x64.ActiveCfg = Release|x64
		{6660B64E-FBDB-4B70-AC75-1A8EC49D17BD}.Ad-Hoc|x64.Build.0 = Release|x64
		{6660B64E-FBDB-4B70-AC75-1A8EC49D17BD}.Ad-Hoc|x64.Deploy.0 = Release|x64
		{6660B64E-FBDB-4B70-AC75-1A8EC49D17BD}.Ad-Hoc|x86.ActiveCfg = Release|x86
		{6660B64E-FBDB-4B70-AC75-1A8EC49D17BD}.Ad-Hoc|x86.Build.0 = Release|x86
		{6660B64E-FBDB-4B70-AC75-1A8EC49D17BD}.Ad-Hoc|x86.Deploy.0 = Release|x86
		{6660B64E-FBDB-4B70-AC75-1A8EC49D17BD}.AppStore|Any CPU.ActiveCfg = Release|x86
		{6660B64E-FBDB-4B70-AC75-1A8EC49D17BD}.AppStore|Any CPU.Build.0 = Release|x86
		{6660B64E-FBDB-4B70-AC75-1A8EC49D17BD}.AppStore|Any CPU.Deploy.0 = Release|x86
		{6660B64E-FBDB-4B70-AC75-1A8EC49D17BD}.AppStore|ARM.ActiveCfg = Release|ARM
		{6660B64E-FBDB-4B70-AC75-1A8EC49D17BD}.AppStore|ARM.Build.0 = Release|ARM
		{6660B64E-FBDB-4B70-AC75-1A8EC49D17BD}.AppStore|ARM.Deploy.0 = Release|ARM
		{6660B64E-FBDB-4B70-AC75-1A8EC49D17BD}.AppStore|iPhone.ActiveCfg = Release|x86
		{6660B64E-FBDB-4B70-AC75-1A8EC49D17BD}.AppStore|iPhone.Build.0 = Release|x86
		{6660B64E-FBDB-4B70-AC75-1A8EC49D17BD}.AppStore|iPhone.Deploy.0 = Release|x86
		{6660B64E-FBDB-4B70-AC75-1A8EC49D17BD}.AppStore|iPhoneSimulator.ActiveCfg = Release|x86
		{6660B64E-FBDB-4B70-AC75-1A8EC49D17BD}.AppStore|iPhoneSimulator.Build.0 = Release|x86
		{6660B64E-FBDB-4B70-AC75-1A8EC49D17BD}.AppStore|iPhoneSimulator.Deploy.0 = Release|x86
		{6660B64E-FBDB-4B70-AC75-1A8EC49D17BD}.AppStore|x64.ActiveCfg = Release|x64
		{6660B64E-FBDB-4B70-AC75-1A8EC49D17BD}.AppStore|x64.Build.0 = Release|x64
		{6660B64E-FBDB-4B70-AC75-1A8EC49D17BD}.AppStore|x64.Deploy.0 = Release|x64
		{6660B64E-FBDB-4B70-AC75-1A8EC49D17BD}.AppStore|x86.ActiveCfg = Release|x86
		{6660B64E-FBDB-4B70-AC75-1A8EC49D17BD}.AppStore|x86.Build.0 = Release|x86
		{6660B64E-FBDB-4B70-AC75-1A8EC49D17BD}.AppStore|x86.Deploy.0 = Release|x86
		{6660B64E-FBDB-4B70-AC75-1A8EC49D17BD}.Debug|Any CPU.ActiveCfg = Debug|x86
		{6660B64E-FBDB-4B70-AC75-1A8EC49D17BD}.Debug|Any CPU.Build.0 = Debug|x86
		{6660B64E-FBDB-4B70-AC75-1A8EC49D17BD}.Debug|Any CPU.Deploy.0 = Debug|x86
		{6660B64E-FBDB-4B70-AC75-1A8EC49D17BD}.Debug|ARM.ActiveCfg = Debug|ARM
		{6660B64E-FBDB-4B70-AC75-1A8EC49D17BD}.Debug|ARM.Build.0 = Debug|ARM
		{6660B64E-FBDB-4B70-AC75-1A8EC49D17BD}.Debug|ARM.Deploy.0 = Debug|ARM
		{6660B64E-FBDB-4B70-AC75-1A8EC49D17BD}.Debug|iPhone.ActiveCfg = Debug|x86
		{6660B64E-FBDB-4B70-AC75-1A8EC49D17BD}.Debug|iPhone.Build.0 = Debug|x86
		{6660B64E-FBDB-4B70-AC75-1A8EC49D17BD}.Debug|iPhone.Deploy.0 = Debug|x86
		{6660B64E-FBDB-4B70-AC75-1A8EC49D17BD}.Debug|iPhoneSimulator.ActiveCfg = Debug|x86
		{6660B64E-FBDB-4B70-AC75-1A8EC49D17BD}.Debug|iPhoneSimulator.Build.0 = Debug|x86
		{6660B64E-FBDB-4B70-AC75-1A8EC49D17BD}.Debug|iPhoneSimulator.Deploy.0 = Debug|x86
		{6660B64E-FBDB-4B70-AC75-1A8EC49D17BD}.Debug|x64.ActiveCfg = Debug|x64
		{6660B64E-FBDB-4B70-AC75-1A8EC49D17BD}.Debug|x64.Build.0 = Debug|x64
		{6660B64E-FBDB-4B70-AC75-1A8EC49D17BD}.Debug|x64.Deploy.0 = Debug|x64
		{6660B64E-FBDB-4B70-AC75-1A8EC49D17BD}.Debug|x86.ActiveCfg = Debug|x86
		{6660B64E-FBDB-4B70-AC75-1A8EC49D17BD}.Debug|x86.Build.0 = Debug|x86
		{6660B64E-FBDB-4B70-AC75-1A8EC49D17BD}.Debug|x86.Deploy.0 = Debug|x86
		{6660B64E-FBDB-4B70-AC75-1A8EC49D17BD}.Release|Any CPU.ActiveCfg = Release|x86
		{6660B64E-FBDB-4B70-AC75-1A8EC49D17BD}.Release|Any CPU.Build.0 = Release|x86
		{6660B64E-FBDB-4B70-AC75-1A8EC49D17BD}.Release|Any CPU.Deploy.0 = Release|x86
		{6660B64E-FBDB-4B70-AC75-1A8EC49D17BD}.Release|ARM.ActiveCfg = Release|ARM
		{6660B64E-FBDB-4B70-AC75-1A8EC49D17BD}.Release|ARM.Build.0 = Release|ARM
		{6660B64E-FBDB-4B70-AC75-1A8EC49D17BD}.Release|ARM.Deploy.0 = Release|ARM
		{6660B64E-FBDB-4B70-AC75-1A8EC49D17BD}.Release|iPhone.ActiveCfg = Release|x86
		{6660B64E-FBDB-4B70-AC75-1A8EC49D17BD}.Release|iPhone.Build.0 = Release|x86
		{6660B64E-FBDB-4B70-AC75-1A8EC49D17BD}.Release|iPhone.Deploy.0 = Release|x86
		{6660B64E-FBDB-4B70-AC75-1A8EC49D17BD}.Release|iPhoneSimulator.ActiveCfg = Release|x86
		{6660B64E-FBDB-4B70-AC75-1A8EC49D17BD}.Release|iPhoneSimulator.Build.0 = Release|x86
		{6660B64E-FBDB-4B70-AC75-1A8EC49D17BD}.Release|iPhoneSimulator.Deploy.0 = Release|x86
		{6660B64E-FBDB-4B70-AC75-1A8EC49D17BD}.Release|x64.ActiveCfg = Release|x64
		{6660B64E-FBDB-4B70-AC75-1A8EC49D17BD}.Release|x64.Build.0 = Release|x64
		{6660B64E-FBDB-4B70-AC75-1A8EC49D17BD}.Release|x64.Deploy.0 = Release|x64
		{6660B64E-FBDB-4B70-AC75-1A8EC49D17BD}.Release|x86.ActiveCfg = Release|x86
		{6660B64E-FBDB-4B70-AC75-1A8EC49D17BD}.Release|x86.Build.0 = Release|x86
		{6660B64E-FBDB-4B70-AC75-1A8EC49D17BD}.Release|x86.Deploy.0 = Release|x86
		{5BEB2CC7-9616-4A69-B48E-3745271576AB}.Ad-Hoc|Any CPU.ActiveCfg = Debug|Any CPU
		{5BEB2CC7-9616-4A69-B48E-3745271576AB}.Ad-Hoc|Any CPU.Build.0 = Debug|Any CPU
		{5BEB2CC7-9616-4A69-B48E-3745271576AB}.Ad-Hoc|Any CPU.Deploy.0 = Debug|Any CPU
		{5BEB2CC7-9616-4A69-B48E-3745271576AB}.Ad-Hoc|ARM.ActiveCfg = Debug|Any CPU
		{5BEB2CC7-9616-4A69-B48E-3745271576AB}.Ad-Hoc|ARM.Build.0 = Debug|Any CPU
		{5BEB2CC7-9616-4A69-B48E-3745271576AB}.Ad-Hoc|ARM.Deploy.0 = Debug|Any CPU
		{5BEB2CC7-9616-4A69-B48E-3745271576AB}.Ad-Hoc|iPhone.ActiveCfg = Debug|Any CPU
		{5BEB2CC7-9616-4A69-B48E-3745271576AB}.Ad-Hoc|iPhone.Build.0 = Debug|Any CPU
		{5BEB2CC7-9616-4A69-B48E-3745271576AB}.Ad-Hoc|iPhone.Deploy.0 = Debug|Any CPU
		{5BEB2CC7-9616-4A69-B48E-3745271576AB}.Ad-Hoc|iPhoneSimulator.ActiveCfg = Debug|Any CPU
		{5BEB2CC7-9616-4A69-B48E-3745271576AB}.Ad-Hoc|iPhoneSimulator.Build.0 = Debug|Any CPU
		{5BEB2CC7-9616-4A69-B48E-3745271576AB}.Ad-Hoc|iPhoneSimulator.Deploy.0 = Debug|Any CPU
		{5BEB2CC7-9616-4A69-B48E-3745271576AB}.Ad-Hoc|x64.ActiveCfg = Debug|Any CPU
		{5BEB2CC7-9616-4A69-B48E-3745271576AB}.Ad-Hoc|x64.Build.0 = Debug|Any CPU
		{5BEB2CC7-9616-4A69-B48E-3745271576AB}.Ad-Hoc|x64.Deploy.0 = Debug|Any CPU
		{5BEB2CC7-9616-4A69-B48E-3745271576AB}.Ad-Hoc|x86.ActiveCfg = Debug|Any CPU
		{5BEB2CC7-9616-4A69-B48E-3745271576AB}.Ad-Hoc|x86.Build.0 = Debug|Any CPU
		{5BEB2CC7-9616-4A69-B48E-3745271576AB}.Ad-Hoc|x86.Deploy.0 = Debug|Any CPU
		{5BEB2CC7-9616-4A69-B48E-3745271576AB}.AppStore|Any CPU.ActiveCfg = Debug|Any CPU
		{5BEB2CC7-9616-4A69-B48E-3745271576AB}.AppStore|Any CPU.Build.0 = Debug|Any CPU
		{5BEB2CC7-9616-4A69-B48E-3745271576AB}.AppStore|Any CPU.Deploy.0 = Debug|Any CPU
		{5BEB2CC7-9616-4A69-B48E-3745271576AB}.AppStore|ARM.ActiveCfg = Debug|Any CPU
		{5BEB2CC7-9616-4A69-B48E-3745271576AB}.AppStore|ARM.Build.0 = Debug|Any CPU
		{5BEB2CC7-9616-4A69-B48E-3745271576AB}.AppStore|ARM.Deploy.0 = Debug|Any CPU
		{5BEB2CC7-9616-4A69-B48E-3745271576AB}.AppStore|iPhone.ActiveCfg = Debug|Any CPU
		{5BEB2CC7-9616-4A69-B48E-3745271576AB}.AppStore|iPhone.Build.0 = Debug|Any CPU
		{5BEB2CC7-9616-4A69-B48E-3745271576AB}.AppStore|iPhone.Deploy.0 = Debug|Any CPU
		{5BEB2CC7-9616-4A69-B48E-3745271576AB}.AppStore|iPhoneSimulator.ActiveCfg = Debug|Any CPU
		{5BEB2CC7-9616-4A69-B48E-3745271576AB}.AppStore|iPhoneSimulator.Build.0 = Debug|Any CPU
		{5BEB2CC7-9616-4A69-B48E-3745271576AB}.AppStore|iPhoneSimulator.Deploy.0 = Debug|Any CPU
		{5BEB2CC7-9616-4A69-B48E-3745271576AB}.AppStore|x64.ActiveCfg = Debug|Any CPU
		{5BEB2CC7-9616-4A69-B48E-3745271576AB}.AppStore|x64.Build.0 = Debug|Any CPU
		{5BEB2CC7-9616-4A69-B48E-3745271576AB}.AppStore|x64.Deploy.0 = Debug|Any CPU
		{5BEB2CC7-9616-4A69-B48E-3745271576AB}.AppStore|x86.ActiveCfg = Debug|Any CPU
		{5BEB2CC7-9616-4A69-B48E-3745271576AB}.AppStore|x86.Build.0 = Debug|Any CPU
		{5BEB2CC7-9616-4A69-B48E-3745271576AB}.AppStore|x86.Deploy.0 = Debug|Any CPU
		{5BEB2CC7-9616-4A69-B48E-3745271576AB}.Debug|Any CPU.ActiveCfg = Debug|Any CPU
		{5BEB2CC7-9616-4A69-B48E-3745271576AB}.Debug|Any CPU.Build.0 = Debug|Any CPU
		{5BEB2CC7-9616-4A69-B48E-3745271576AB}.Debug|Any CPU.Deploy.0 = Debug|Any CPU
		{5BEB2CC7-9616-4A69-B48E-3745271576AB}.Debug|ARM.ActiveCfg = Debug|Any CPU
		{5BEB2CC7-9616-4A69-B48E-3745271576AB}.Debug|ARM.Build.0 = Debug|Any CPU
		{5BEB2CC7-9616-4A69-B48E-3745271576AB}.Debug|ARM.Deploy.0 = Debug|Any CPU
		{5BEB2CC7-9616-4A69-B48E-3745271576AB}.Debug|iPhone.ActiveCfg = Debug|Any CPU
		{5BEB2CC7-9616-4A69-B48E-3745271576AB}.Debug|iPhone.Build.0 = Debug|Any CPU
		{5BEB2CC7-9616-4A69-B48E-3745271576AB}.Debug|iPhone.Deploy.0 = Debug|Any CPU
		{5BEB2CC7-9616-4A69-B48E-3745271576AB}.Debug|iPhoneSimulator.ActiveCfg = Debug|Any CPU
		{5BEB2CC7-9616-4A69-B48E-3745271576AB}.Debug|iPhoneSimulator.Build.0 = Debug|Any CPU
		{5BEB2CC7-9616-4A69-B48E-3745271576AB}.Debug|iPhoneSimulator.Deploy.0 = Debug|Any CPU
		{5BEB2CC7-9616-4A69-B48E-3745271576AB}.Debug|x64.ActiveCfg = Debug|Any CPU
		{5BEB2CC7-9616-4A69-B48E-3745271576AB}.Debug|x64.Build.0 = Debug|Any CPU
		{5BEB2CC7-9616-4A69-B48E-3745271576AB}.Debug|x64.Deploy.0 = Debug|Any CPU
		{5BEB2CC7-9616-4A69-B48E-3745271576AB}.Debug|x86.ActiveCfg = Debug|Any CPU
		{5BEB2CC7-9616-4A69-B48E-3745271576AB}.Debug|x86.Build.0 = Debug|Any CPU
		{5BEB2CC7-9616-4A69-B48E-3745271576AB}.Debug|x86.Deploy.0 = Debug|Any CPU
		{5BEB2CC7-9616-4A69-B48E-3745271576AB}.Release|Any CPU.ActiveCfg = Release|Any CPU
		{5BEB2CC7-9616-4A69-B48E-3745271576AB}.Release|Any CPU.Build.0 = Release|Any CPU
		{5BEB2CC7-9616-4A69-B48E-3745271576AB}.Release|Any CPU.Deploy.0 = Release|Any CPU
		{5BEB2CC7-9616-4A69-B48E-3745271576AB}.Release|ARM.ActiveCfg = Release|Any CPU
		{5BEB2CC7-9616-4A69-B48E-3745271576AB}.Release|ARM.Build.0 = Release|Any CPU
		{5BEB2CC7-9616-4A69-B48E-3745271576AB}.Release|ARM.Deploy.0 = Release|Any CPU
		{5BEB2CC7-9616-4A69-B48E-3745271576AB}.Release|iPhone.ActiveCfg = Release|Any CPU
		{5BEB2CC7-9616-4A69-B48E-3745271576AB}.Release|iPhone.Build.0 = Release|Any CPU
		{5BEB2CC7-9616-4A69-B48E-3745271576AB}.Release|iPhone.Deploy.0 = Release|Any CPU
		{5BEB2CC7-9616-4A69-B48E-3745271576AB}.Release|iPhoneSimulator.ActiveCfg = Release|Any CPU
		{5BEB2CC7-9616-4A69-B48E-3745271576AB}.Release|iPhoneSimulator.Build.0 = Release|Any CPU
		{5BEB2CC7-9616-4A69-B48E-3745271576AB}.Release|iPhoneSimulator.Deploy.0 = Release|Any CPU
		{5BEB2CC7-9616-4A69-B48E-3745271576AB}.Release|x64.ActiveCfg = Release|Any CPU
		{5BEB2CC7-9616-4A69-B48E-3745271576AB}.Release|x64.Build.0 = Release|Any CPU
		{5BEB2CC7-9616-4A69-B48E-3745271576AB}.Release|x64.Deploy.0 = Release|Any CPU
		{5BEB2CC7-9616-4A69-B48E-3745271576AB}.Release|x86.ActiveCfg = Release|Any CPU
		{5BEB2CC7-9616-4A69-B48E-3745271576AB}.Release|x86.Build.0 = Release|Any CPU
		{5BEB2CC7-9616-4A69-B48E-3745271576AB}.Release|x86.Deploy.0 = Release|Any CPU
	EndGlobalSection
	GlobalSection(SolutionProperties) = preSolution
		HideSolutionNode = FALSE
	EndGlobalSection
	GlobalSection(ExtensibilityGlobals) = postSolution
		SolutionGuid = {4A860F4D-E0E8-4601-98F8-2907628E5F3D}
	EndGlobalSection
EndGlobal
